name: Regenerate lockfile

on:
  push:
    branches:
      - agent/docker-auth-hardening

permissions:
  contents: read

jobs:
  regenerate:
    runs-on: ubuntu-latest
    steps:
      - name: Check out source
        uses: actions/checkout@11d5960a326750d5838078e36cf38b85af677262

      - name: Set up Node.js
        uses: actions/setup-node@49933ea5288caeca8642d1e84afbd3f7d6820020
        with:
          node-version: 20.20.2
          cache: npm

      - name: Regenerate package lock
        run: npm install --package-lock-only --omit=optional --ignore-scripts --no-audit --no-fund

      - name: Upload package lock
        uses: actions/upload-artifact@ea165f8d65b6e75b540449e92b4886f43607fa02
        with:
          name: regenerated-package-lock
          path: package-lock.json
          if-no-files-found: error
          retention-days: 1
